
Microsoft Visual Studio Solution File, Format Version 12.00
# Visual Studio Version 17
VisualStudioVersion = 17.3.32929.385
MinimumVisualStudioVersion = 10.0.40219.1
Project("{FAE04EC0-301F-11D3-BF4B-00C04F79EFBC}") = "gyak6", "gyak6\gyak6.csproj", "{DA2CD327-F1F4-4CD0-BA17-D334438BB6B5}"
EndProject
Global
	GlobalSection(SolutionConfigurationPlatforms) = preSolution
		Debug|Any CPU = Debug|Any CPU
		Release|Any CPU = Release|Any CPU
	EndGlobalSection
	GlobalSection(ProjectConfigurationPlatforms) = postSolution
		{DA2CD327-F1F4-4CD0-BA17-D334438BB6B5}.Debug|Any CPU.ActiveCfg = Debug|Any CPU
		{DA2CD327-F1F4-4CD0-BA17-D334438BB6B5}.Debug|Any CPU.Build.0 = Debug|Any CPU
		{DA2CD327-F1F4-4CD0-BA17-D334438BB6B5}.Release|Any CPU.ActiveCfg = Release|Any CPU
		{DA2CD327-F1F4-4CD0-BA17-D334438BB6B5}.Release|Any CPU.Build.0 = Release|Any CPU
	EndGlobalSection
	GlobalSection(SolutionProperties) = preSolution
		HideSolutionNode = FALSE
	EndGlobalSection
	GlobalSection(ExtensibilityGlobals) = postSolution
		SolutionGuid = {E5D1C778-2C9B-42E2-83D5-00AE0159ECDC}
	EndGlobalSection
EndGlobal
