
Microsoft Visual Studio Solution File, Format Version 12.00
# Visual Studio Version 17
VisualStudioVersion = 17.3.32901.215
MinimumVisualStudioVersion = 10.0.40219.1
Project("{FAE04EC0-301F-11D3-BF4B-00C04F79EFBC}") = "UserMaintenance", "UserMaintenance\UserMaintenance.csproj", "{B9ECAF3F-13BD-4E3B-990B-4B50D014AA7D}"
EndProject
Global
	GlobalSection(SolutionConfigurationPlatforms) = preSolution
		Debug|Any CPU = Debug|Any CPU
		Release|Any CPU = Release|Any CPU
	EndGlobalSection
	GlobalSection(ProjectConfigurationPlatforms) = postSolution
		{B9ECAF3F-13BD-4E3B-990B-4B50D014AA7D}.Debug|Any CPU.ActiveCfg = Debug|Any CPU
		{B9ECAF3F-13BD-4E3B-990B-4B50D014AA7D}.Debug|Any CPU.Build.0 = Debug|Any CPU
		{B9ECAF3F-13BD-4E3B-990B-4B50D014AA7D}.Release|Any CPU.ActiveCfg = Release|Any CPU
		{B9ECAF3F-13BD-4E3B-990B-4B50D014AA7D}.Release|Any CPU.Build.0 = Release|Any CPU
	EndGlobalSection
	GlobalSection(SolutionProperties) = preSolution
		HideSolutionNode = FALSE
	EndGlobalSection
	GlobalSection(ExtensibilityGlobals) = postSolution
		SolutionGuid = {33D88CDD-5AE3-473E-A0C1-2096FFF03F5A}
	EndGlobalSection
EndGlobal
