
Microsoft Visual Studio Solution File, Format Version 12.00
# Visual Studio Version 17
VisualStudioVersion = 17.3.32929.385
MinimumVisualStudioVersion = 10.0.40219.1
Project("{FAE04EC0-301F-11D3-BF4B-00C04F79EFBC}") = "ajandek", "ajandek\ajandek.csproj", "{30193829-D876-4FF1-8545-33BF6215031A}"
EndProject
Global
	GlobalSection(SolutionConfigurationPlatforms) = preSolution
		Debug|Any CPU = Debug|Any CPU
		Release|Any CPU = Release|Any CPU
	EndGlobalSection
	GlobalSection(ProjectConfigurationPlatforms) = postSolution
		{30193829-D876-4FF1-8545-33BF6215031A}.Debug|Any CPU.ActiveCfg = Debug|Any CPU
		{30193829-D876-4FF1-8545-33BF6215031A}.Debug|Any CPU.Build.0 = Debug|Any CPU
		{30193829-D876-4FF1-8545-33BF6215031A}.Release|Any CPU.ActiveCfg = Release|Any CPU
		{30193829-D876-4FF1-8545-33BF6215031A}.Release|Any CPU.Build.0 = Release|Any CPU
	EndGlobalSection
	GlobalSection(SolutionProperties) = preSolution
		HideSolutionNode = FALSE
	EndGlobalSection
	GlobalSection(ExtensibilityGlobals) = postSolution
		SolutionGuid = {FC8A8686-3CD6-47F2-B1CB-6353F53E1834}
	EndGlobalSection
EndGlobal
